
Microsoft Visual Studio Solution File, Format Version 12.00
# Visual Studio Version 16
VisualStudioVersion = 16.0.29001.49
MinimumVisualStudioVersion = 10.0.40219.1
Project("{FAE04EC0-301F-11D3-BF4B-00C04F79EFBC}") = "structApp", "structApp\structApp.csproj", "{23DD8189-822B-4E33-B168-638773A70CC3}"
EndProject
Global
	GlobalSection(SolutionConfigurationPlatforms) = preSolution
		Debug|Any CPU = Debug|Any CPU
		Release|Any CPU = Release|Any CPU
	EndGlobalSection
	GlobalSection(ProjectConfigurationPlatforms) = postSolution
		{23DD8189-822B-4E33-B168-638773A70CC3}.Debug|Any CPU.ActiveCfg = Debug|Any CPU
		{23DD8189-822B-4E33-B168-638773A70CC3}.Debug|Any CPU.Build.0 = Debug|Any CPU
		{23DD8189-822B-4E33-B168-638773A70CC3}.Release|Any CPU.ActiveCfg = Release|Any CPU
		{23DD8189-822B-4E33-B168-638773A70CC3}.Release|Any CPU.Build.0 = Release|Any CPU
	EndGlobalSection
	GlobalSection(SolutionProperties) = preSolution
		HideSolutionNode = FALSE
	EndGlobalSection
	GlobalSection(ExtensibilityGlobals) = postSolution
		SolutionGuid = {C5CB279B-F038-4AF1-BDEB-16CC818DB2CD}
	EndGlobalSection
EndGlobal
